// !$*UTF8*$!
{
	archiveVersion = 1;
	classes = {
	};
	objectVersion = 46;
	objects = {

/* Begin PBXBuildFile section */
		5B0CC33413B3A72900D51E43 /* Todo.xcdatamodeld in Sources */ = {isa = PBXBuildFile; fileRef = 5B0CC33213B3A72900D51E43 /* Todo.xcdatamodeld */; };
		5B1AFC6E13BB99BB006794AD /* star_big.png in Resources */ = {isa = PBXBuildFile; fileRef = 5B1AFC6D13BB99BB006794AD /* star_big.png */; };
		5B1BC06313B9042800FFB150 /* DetailedItemViewController.m in Sources */ = {isa = PBXBuildFile; fileRef = 5B1BC06113B9042800FFB150 /* DetailedItemViewController.m */; };
		5B1BC06413B9042800FFB150 /* DetailedItemViewController.xib in Resources */ = {isa = PBXBuildFile; fileRef = 5B1BC06213B9042800FFB150 /* DetailedItemViewController.xib */; };
		5B2E8A47140DB0BD007507AB /* silvStar.png in Resources */ = {isa = PBXBuildFile; fileRef = 5B2E8A46140DB0BD007507AB /* silvStar.png */; };
		5B65C3FB13B1537A006BF474 /* UIKit.framework in Frameworks */ = {isa = PBXBuildFile; fileRef = 5B65C3FA13B1537A006BF474 /* UIKit.framework */; };
		5B65C3FD13B1537A006BF474 /* Foundation.framework in Frameworks */ = {isa = PBXBuildFile; fileRef = 5B65C3FC13B1537A006BF474 /* Foundation.framework */; };
		5B65C3FF13B1537A006BF474 /* CoreGraphics.framework in Frameworks */ = {isa = PBXBuildFile; fileRef = 5B65C3FE13B1537A006BF474 /* CoreGraphics.framework */; };
		5B65C40113B1537A006BF474 /* CoreData.framework in Frameworks */ = {isa = PBXBuildFile; fileRef = 5B65C40013B1537A006BF474 /* CoreData.framework */; };
		5B65C40713B1537A006BF474 /* InfoPlist.strings in Resources */ = {isa = PBXBuildFile; fileRef = 5B65C40513B1537A006BF474 /* InfoPlist.strings */; };
		5B65C40A13B1537A006BF474 /* main.m in Sources */ = {isa = PBXBuildFile; fileRef = 5B65C40913B1537A006BF474 /* main.m */; };
		5B65C40D13B1537A006BF474 /* TodoAppDelegate.m in Sources */ = {isa = PBXBuildFile; fileRef = 5B65C40C13B1537A006BF474 /* TodoAppDelegate.m */; };
		5B65C41313B1537A006BF474 /* MainWindow.xib in Resources */ = {isa = PBXBuildFile; fileRef = 5B65C41113B1537A006BF474 /* MainWindow.xib */; };
		5B65C41613B1537A006BF474 /* RootViewController.m in Sources */ = {isa = PBXBuildFile; fileRef = 5B65C41513B1537A006BF474 /* RootViewController.m */; };
		5B65C41913B1537A006BF474 /* RootViewController.xib in Resources */ = {isa = PBXBuildFile; fileRef = 5B65C41713B1537A006BF474 /* RootViewController.xib */; };
		5B65C42013B1537A006BF474 /* UIKit.framework in Frameworks */ = {isa = PBXBuildFile; fileRef = 5B65C3FA13B1537A006BF474 /* UIKit.framework */; };
		5B65C42113B1537A006BF474 /* Foundation.framework in Frameworks */ = {isa = PBXBuildFile; fileRef = 5B65C3FC13B1537A006BF474 /* Foundation.framework */; };
		5B65C42213B1537A006BF474 /* CoreGraphics.framework in Frameworks */ = {isa = PBXBuildFile; fileRef = 5B65C3FE13B1537A006BF474 /* CoreGraphics.framework */; };
		5B65C42313B1537A006BF474 /* CoreData.framework in Frameworks */ = {isa = PBXBuildFile; fileRef = 5B65C40013B1537A006BF474 /* CoreData.framework */; };
		5B65C42B13B1537A006BF474 /* InfoPlist.strings in Resources */ = {isa = PBXBuildFile; fileRef = 5B65C42913B1537A006BF474 /* InfoPlist.strings */; };
		5B65C42E13B1537A006BF474 /* TodoTests.h in Resources */ = {isa = PBXBuildFile; fileRef = 5B65C42D13B1537A006BF474 /* TodoTests.h */; };
		5B65C43013B1537A006BF474 /* TodoTests.m in Sources */ = {isa = PBXBuildFile; fileRef = 5B65C42F13B1537A006BF474 /* TodoTests.m */; };
		5BE2FC7313B26E0A00D3BD73 /* ListDetailsViewController.m in Sources */ = {isa = PBXBuildFile; fileRef = 5BE2FC7113B26E0900D3BD73 /* ListDetailsViewController.m */; };
		5BE2FC7413B26E0A00D3BD73 /* ListDetailsViewController.xib in Resources */ = {isa = PBXBuildFile; fileRef = 5BE2FC7213B26E0A00D3BD73 /* ListDetailsViewController.xib */; };
		5BEC2D0713BA7CAD000EC159 /* IntroViewController.m in Sources */ = {isa = PBXBuildFile; fileRef = 5BEC2D0513BA7CAD000EC159 /* IntroViewController.m */; };
		5BEC2D0813BA7CAD000EC159 /* IntroViewController.xib in Resources */ = {isa = PBXBuildFile; fileRef = 5BEC2D0613BA7CAD000EC159 /* IntroViewController.xib */; };
		5BEC2D0E13BA9DB7000EC159 /* CustomCell.m in Sources */ = {isa = PBXBuildFile; fileRef = 5BEC2D0D13BA9DB7000EC159 /* CustomCell.m */; };
		5BEC2D1013BA9DDB000EC159 /* CustomCell.xib in Resources */ = {isa = PBXBuildFile; fileRef = 5BEC2D0F13BA9DDB000EC159 /* CustomCell.xib */; };
		5BFBD11A13B53B290006646E /* background.png in Resources */ = {isa = PBXBuildFile; fileRef = 5BFBD11913B53B290006646E /* background.png */; };
/* End PBXBuildFile section */

/* Begin PBXContainerItemProxy section */
		5B65C42413B1537A006BF474 /* PBXContainerItemProxy */ = {
			isa = PBXContainerItemProxy;
			containerPortal = 5B65C3ED13B1537A006BF474 /* Project object */;
			proxyType = 1;
			remoteGlobalIDString = 5B65C3F513B1537A006BF474;
			remoteInfo = Todo;
		};
/* End PBXContainerItemProxy section */

/* Begin PBXFileReference section */
		5B0CC33313B3A72900D51E43 /* Todo.xcdatamodel */ = {isa = PBXFileReference; lastKnownFileType = wrapper.xcdatamodel; path = Todo.xcdatamodel; sourceTree = "<group>"; };
		5B1AFC6D13BB99BB006794AD /* star_big.png */ = {isa = PBXFileReference; lastKnownFileType = image.png; path = star_big.png; sourceTree = "<group>"; };
		5B1BC06013B9042800FFB150 /* DetailedItemViewController.h */ = {isa = PBXFileReference; fileEncoding = 4; lastKnownFileType = sourcecode.c.h; name = DetailedItemViewController.h; path = Todo.xcodeproj/DetailedItemViewController.h; sourceTree = SOURCE_ROOT; };
		5B1BC06113B9042800FFB150 /* DetailedItemViewController.m */ = {isa = PBXFileReference; fileEncoding = 4; lastKnownFileType = sourcecode.c.objc; name = DetailedItemViewController.m; path = Todo.xcodeproj/DetailedItemViewController.m; sourceTree = SOURCE_ROOT; };
		5B1BC06213B9042800FFB150 /* DetailedItemViewController.xib */ = {isa = PBXFileReference; fileEncoding = 4; lastKnownFileType = file.xib; name = DetailedItemViewController.xib; path = Todo.xcodeproj/DetailedItemViewController.xib; sourceTree = SOURCE_ROOT; };
		5B2E8A46140DB0BD007507AB /* silvStar.png */ = {isa = PBXFileReference; lastKnownFileType = image.png; path = silvStar.png; sourceTree = "<group>"; };
		5B65C3F613B1537A006BF474 /* Todo.app */ = {isa = PBXFileReference; explicitFileType = wrapper.application; includeInIndex = 0; path = Todo.app; sourceTree = BUILT_PRODUCTS_DIR; };
		5B65C3FA13B1537A006BF474 /* UIKit.framework */ = {isa = PBXFileReference; lastKnownFileType = wrapper.framework; name = UIKit.framework; path = System/Library/Frameworks/UIKit.framework; sourceTree = SDKROOT; };
		5B65C3FC13B1537A006BF474 /* Foundation.framework */ = {isa = PBXFileReference; lastKnownFileType = wrapper.framework; name = Foundation.framework; path = System/Library/Frameworks/Foundation.framework; sourceTree = SDKROOT; };
		5B65C3FE13B1537A006BF474 /* CoreGraphics.framework */ = {isa = PBXFileReference; lastKnownFileType = wrapper.framework; name = CoreGraphics.framework; path = System/Library/Frameworks/CoreGraphics.framework; sourceTree = SDKROOT; };
		5B65C40013B1537A006BF474 /* CoreData.framework */ = {isa = PBXFileReference; lastKnownFileType = wrapper.framework; name = CoreData.framework; path = System/Library/Frameworks/CoreData.framework; sourceTree = SDKROOT; };
		5B65C40413B1537A006BF474 /* Todo-Info.plist */ = {isa = PBXFileReference; lastKnownFileType = text.plist.xml; path = "Todo-Info.plist"; sourceTree = "<group>"; };
		5B65C40613B1537A006BF474 /* en */ = {isa = PBXFileReference; lastKnownFileType = text.plist.strings; name = en; path = en.lproj/InfoPlist.strings; sourceTree = "<group>"; };
		5B65C40813B1537A006BF474 /* Todo-Prefix.pch */ = {isa = PBXFileReference; lastKnownFileType = sourcecode.c.h; path = "Todo-Prefix.pch"; sourceTree = "<group>"; };
		5B65C40913B1537A006BF474 /* main.m */ = {isa = PBXFileReference; lastKnownFileType = sourcecode.c.objc; path = main.m; sourceTree = "<group>"; };
		5B65C40B13B1537A006BF474 /* TodoAppDelegate.h */ = {isa = PBXFileReference; lastKnownFileType = sourcecode.c.h; path = TodoAppDelegate.h; sourceTree = "<group>"; };
		5B65C40C13B1537A006BF474 /* TodoAppDelegate.m */ = {isa = PBXFileReference; lastKnownFileType = sourcecode.c.objc; path = TodoAppDelegate.m; sourceTree = "<group>"; };
		5B65C41213B1537A006BF474 /* en */ = {isa = PBXFileReference; lastKnownFileType = file.xib; name = en; path = en.lproj/MainWindow.xib; sourceTree = "<group>"; };
		5B65C41413B1537A006BF474 /* RootViewController.h */ = {isa = PBXFileReference; lastKnownFileType = sourcecode.c.h; path = RootViewController.h; sourceTree = "<group>"; };
		5B65C41513B1537A006BF474 /* RootViewController.m */ = {isa = PBXFileReference; lastKnownFileType = sourcecode.c.objc; path = RootViewController.m; sourceTree = "<group>"; };
		5B65C41813B1537A006BF474 /* en */ = {isa = PBXFileReference; lastKnownFileType = file.xib; name = en; path = en.lproj/RootViewController.xib; sourceTree = "<group>"; };
		5B65C41F13B1537A006BF474 /* TodoTests.octest */ = {isa = PBXFileReference; explicitFileType = wrapper.cfbundle; includeInIndex = 0; path = TodoTests.octest; sourceTree = BUILT_PRODUCTS_DIR; };
		5B65C42813B1537A006BF474 /* TodoTests-Info.plist */ = {isa = PBXFileReference; lastKnownFileType = text.plist.xml; path = "TodoTests-Info.plist"; sourceTree = "<group>"; };
		5B65C42A13B1537A006BF474 /* en */ = {isa = PBXFileReference; lastKnownFileType = text.plist.strings; name = en; path = en.lproj/InfoPlist.strings; sourceTree = "<group>"; };
		5B65C42C13B1537A006BF474 /* TodoTests-Prefix.pch */ = {isa = PBXFileReference; lastKnownFileType = sourcecode.c.h; path = "TodoTests-Prefix.pch"; sourceTree = "<group>"; };
		5B65C42D13B1537A006BF474 /* TodoTests.h */ = {isa = PBXFileReference; lastKnownFileType = sourcecode.c.h; path = TodoTests.h; sourceTree = "<group>"; };
		5B65C42F13B1537A006BF474 /* TodoTests.m */ = {isa = PBXFileReference; lastKnownFileType = sourcecode.c.objc; path = TodoTests.m; sourceTree = "<group>"; };
		5BE2FC7013B26E0900D3BD73 /* ListDetailsViewController.h */ = {isa = PBXFileReference; fileEncoding = 4; lastKnownFileType = sourcecode.c.h; path = ListDetailsViewController.h; sourceTree = "<group>"; };
		5BE2FC7113B26E0900D3BD73 /* ListDetailsViewController.m */ = {isa = PBXFileReference; fileEncoding = 4; lastKnownFileType = sourcecode.c.objc; path = ListDetailsViewController.m; sourceTree = "<group>"; };
		5BE2FC7213B26E0A00D3BD73 /* ListDetailsViewController.xib */ = {isa = PBXFileReference; fileEncoding = 4; lastKnownFileType = file.xib; path = ListDetailsViewController.xib; sourceTree = "<group>"; };
		5BEC2D0413BA7CAC000EC159 /* IntroViewController.h */ = {isa = PBXFileReference; fileEncoding = 4; lastKnownFileType = sourcecode.c.h; path = IntroViewController.h; sourceTree = "<group>"; };
		5BEC2D0513BA7CAD000EC159 /* IntroViewController.m */ = {isa = PBXFileReference; fileEncoding = 4; lastKnownFileType = sourcecode.c.objc; path = IntroViewController.m; sourceTree = "<group>"; };
		5BEC2D0613BA7CAD000EC159 /* IntroViewController.xib */ = {isa = PBXFileReference; fileEncoding = 4; lastKnownFileType = file.xib; path = IntroViewController.xib; sourceTree = "<group>"; };
		5BEC2D0C13BA9DB7000EC159 /* CustomCell.h */ = {isa = PBXFileReference; fileEncoding = 4; lastKnownFileType = sourcecode.c.h; path = CustomCell.h; sourceTree = "<group>"; };
		5BEC2D0D13BA9DB7000EC159 /* CustomCell.m */ = {isa = PBXFileReference; fileEncoding = 4; lastKnownFileType = sourcecode.c.objc; path = CustomCell.m; sourceTree = "<group>"; };
		5BEC2D0F13BA9DDB000EC159 /* CustomCell.xib */ = {isa = PBXFileReference; fileEncoding = 4; lastKnownFileType = file.xib; path = CustomCell.xib; sourceTree = "<group>"; };
		5BFBD11913B53B290006646E /* background.png */ = {isa = PBXFileReference; lastKnownFileType = image.png; path = background.png; sourceTree = "<group>"; };
/* End PBXFileReference section */

/* Begin PBXFrameworksBuildPhase section */
		5B65C3F313B1537A006BF474 /* Frameworks */ = {
			isa = PBXFrameworksBuildPhase;
			buildActionMask = 2147483647;
			files = (
				5B65C3FB13B1537A006BF474 /* UIKit.framework in Frameworks */,
				5B65C3FD13B1537A006BF474 /* Foundation.framework in Frameworks */,
				5B65C3FF13B1537A006BF474 /* CoreGraphics.framework in Frameworks */,
				5B65C40113B1537A006BF474 /* CoreData.framework in Frameworks */,
			);
			runOnlyForDeploymentPostprocessing = 0;
		};
		5B65C41B13B1537A006BF474 /* Frameworks */ = {
			isa = PBXFrameworksBuildPhase;
			buildActionMask = 2147483647;
			files = (
				5B65C42013B1537A006BF474 /* UIKit.framework in Frameworks */,
				5B65C42113B1537A006BF474 /* Foundation.framework in Frameworks */,
				5B65C42213B1537A006BF474 /* CoreGraphics.framework in Frameworks */,
				5B65C42313B1537A006BF474 /* CoreData.framework in Frameworks */,
			);
			runOnlyForDeploymentPostprocessing = 0;
		};
/* End PBXFrameworksBuildPhase section */

/* Begin PBXGroup section */
		5B65C3EB13B1537A006BF474 = {
			isa = PBXGroup;
			children = (
				5B1AFC6D13BB99BB006794AD /* star_big.png */,
				5B0CC33213B3A72900D51E43 /* Todo.xcdatamodeld */,
				5B2E8A46140DB0BD007507AB /* silvStar.png */,
				5BFBD11913B53B290006646E /* background.png */,
				5B65C40213B1537A006BF474 /* Todo */,
				5B65C42613B1537A006BF474 /* TodoTests */,
				5B65C3F913B1537A006BF474 /* Frameworks */,
				5B65C3F713B1537A006BF474 /* Products */,
			);
			sourceTree = "<group>";
		};
		5B65C3F713B1537A006BF474 /* Products */ = {
			isa = PBXGroup;
			children = (
				5B65C3F613B1537A006BF474 /* Todo.app */,
				5B65C41F13B1537A006BF474 /* TodoTests.octest */,
			);
			name = Products;
			sourceTree = "<group>";
		};
		5B65C3F913B1537A006BF474 /* Frameworks */ = {
			isa = PBXGroup;
			children = (
				5B65C3FA13B1537A006BF474 /* UIKit.framework */,
				5B65C3FC13B1537A006BF474 /* Foundation.framework */,
				5B65C3FE13B1537A006BF474 /* CoreGraphics.framework */,
				5B65C40013B1537A006BF474 /* CoreData.framework */,
			);
			name = Frameworks;
			sourceTree = "<group>";
		};
		5B65C40213B1537A006BF474 /* Todo */ = {
			isa = PBXGroup;
			children = (
				5B65C40B13B1537A006BF474 /* TodoAppDelegate.h */,
				5B65C40C13B1537A006BF474 /* TodoAppDelegate.m */,
				5B65C41113B1537A006BF474 /* MainWindow.xib */,
				5BEC2D0413BA7CAC000EC159 /* IntroViewController.h */,
				5BEC2D0513BA7CAD000EC159 /* IntroViewController.m */,
				5BEC2D0613BA7CAD000EC159 /* IntroViewController.xib */,
				5BEC2D0C13BA9DB7000EC159 /* CustomCell.h */,
				5BEC2D0D13BA9DB7000EC159 /* CustomCell.m */,
				5BEC2D0F13BA9DDB000EC159 /* CustomCell.xib */,
				5B65C41413B1537A006BF474 /* RootViewController.h */,
				5B65C41513B1537A006BF474 /* RootViewController.m */,
				5B65C41713B1537A006BF474 /* RootViewController.xib */,
				5BE2FC7013B26E0900D3BD73 /* ListDetailsViewController.h */,
				5BE2FC7113B26E0900D3BD73 /* ListDetailsViewController.m */,
				5BE2FC7213B26E0A00D3BD73 /* ListDetailsViewController.xib */,
				5B1BC06013B9042800FFB150 /* DetailedItemViewController.h */,
				5B1BC06113B9042800FFB150 /* DetailedItemViewController.m */,
				5B1BC06213B9042800FFB150 /* DetailedItemViewController.xib */,
				5B65C40313B1537A006BF474 /* Supporting Files */,
			);
			path = Todo;
			sourceTree = "<group>";
		};
		5B65C40313B1537A006BF474 /* Supporting Files */ = {
			isa = PBXGroup;
			children = (
				5B65C40413B1537A006BF474 /* Todo-Info.plist */,
				5B65C40513B1537A006BF474 /* InfoPlist.strings */,
				5B65C40813B1537A006BF474 /* Todo-Prefix.pch */,
				5B65C40913B1537A006BF474 /* main.m */,
			);
			name = "Supporting Files";
			sourceTree = "<group>";
		};
		5B65C42613B1537A006BF474 /* TodoTests */ = {
			isa = PBXGroup;
			children = (
				5B65C42D13B1537A006BF474 /* TodoTests.h */,
				5B65C42F13B1537A006BF474 /* TodoTests.m */,
				5B65C42713B1537A006BF474 /* Supporting Files */,
			);
			path = TodoTests;
			sourceTree = "<group>";
		};
		5B65C42713B1537A006BF474 /* Supporting Files */ = {
			isa = PBXGroup;
			children = (
				5B65C42813B1537A006BF474 /* TodoTests-Info.plist */,
				5B65C42913B1537A006BF474 /* InfoPlist.strings */,
				5B65C42C13B1537A006BF474 /* TodoTests-Prefix.pch */,
			);
			name = "Supporting Files";
			sourceTree = "<group>";
		};
/* End PBXGroup section */

/* Begin PBXNativeTarget section */
		5B65C3F513B1537A006BF474 /* Todo */ = {
			isa = PBXNativeTarget;
			buildConfigurationList = 5B65C43313B1537A006BF474 /* Build configuration list for PBXNativeTarget "Todo" */;
			buildPhases = (
				5B65C3F213B1537A006BF474 /* Sources */,
				5B65C3F313B1537A006BF474 /* Frameworks */,
				5B65C3F413B1537A006BF474 /* Resources */,
			);
			buildRules = (
			);
			dependencies = (
			);
			name = Todo;
			productName = Todo;
			productReference = 5B65C3F613B1537A006BF474 /* Todo.app */;
			productType = "com.apple.product-type.application";
		};
		5B65C41E13B1537A006BF474 /* TodoTests */ = {
			isa = PBXNativeTarget;
			buildConfigurationList = 5B65C43613B1537A006BF474 /* Build configuration list for PBXNativeTarget "TodoTests" */;
			buildPhases = (
				5B65C41A13B1537A006BF474 /* Sources */,
				5B65C41B13B1537A006BF474 /* Frameworks */,
				5B65C41C13B1537A006BF474 /* Resources */,
				5B65C41D13B1537A006BF474 /* ShellScript */,
			);
			buildRules = (
			);
			dependencies = (
				5B65C42513B1537A006BF474 /* PBXTargetDependency */,
			);
			name = TodoTests;
			productName = TodoTests;
			productReference = 5B65C41F13B1537A006BF474 /* TodoTests.octest */;
			productType = "com.apple.product-type.bundle";
		};
/* End PBXNativeTarget section */

/* Begin PBXProject section */
		5B65C3ED13B1537A006BF474 /* Project object */ = {
			isa = PBXProject;
			buildConfigurationList = 5B65C3F013B1537A006BF474 /* Build configuration list for PBXProject "Todo" */;
			compatibilityVersion = "Xcode 3.2";
			developmentRegion = English;
			hasScannedForEncodings = 0;
			knownRegions = (
				en,
			);
			mainGroup = 5B65C3EB13B1537A006BF474;
			productRefGroup = 5B65C3F713B1537A006BF474 /* Products */;
			projectDirPath = "";
			projectRoot = "";
			targets = (
				5B65C3F513B1537A006BF474 /* Todo */,
				5B65C41E13B1537A006BF474 /* TodoTests */,
			);
		};
/* End PBXProject section */

/* Begin PBXResourcesBuildPhase section */
		5B65C3F413B1537A006BF474 /* Resources */ = {
			isa = PBXResourcesBuildPhase;
			buildActionMask = 2147483647;
			files = (
				5B65C40713B1537A006BF474 /* InfoPlist.strings in Resources */,
				5B65C41313B1537A006BF474 /* MainWindow.xib in Resources */,
				5B65C41913B1537A006BF474 /* RootViewController.xib in Resources */,
				5BE2FC7413B26E0A00D3BD73 /* ListDetailsViewController.xib in Resources */,
				5BFBD11A13B53B290006646E /* background.png in Resources */,
				5B1BC06413B9042800FFB150 /* DetailedItemViewController.xib in Resources */,
				5BEC2D0813BA7CAD000EC159 /* IntroViewController.xib in Resources */,
				5BEC2D1013BA9DDB000EC159 /* CustomCell.xib in Resources */,
				5B1AFC6E13BB99BB006794AD /* star_big.png in Resources */,
				5B2E8A47140DB0BD007507AB /* silvStar.png in Resources */,
			);
			runOnlyForDeploymentPostprocessing = 0;
		};
		5B65C41C13B1537A006BF474 /* Resources */ = {
			isa = PBXResourcesBuildPhase;
			buildActionMask = 2147483647;
			files = (
				5B65C42B13B1537A006BF474 /* InfoPlist.strings in Resources */,
				5B65C42E13B1537A006BF474 /* TodoTests.h in Resources */,
			);
			runOnlyForDeploymentPostprocessing = 0;
		};
/* End PBXResourcesBuildPhase section */

/* Begin PBXShellScriptBuildPhase section */
		5B65C41D13B1537A006BF474 /* ShellScript */ = {
			isa = PBXShellScriptBuildPhase;
			buildActionMask = 2147483647;
			files = (
			);
			inputPaths = (
			);
			outputPaths = (
			);
			runOnlyForDeploymentPostprocessing = 0;
			shellPath = /bin/sh;
			shellScript = "# Run the unit tests in this test bundle.\n\"${SYSTEM_DEVELOPER_DIR}/Tools/RunUnitTests\"\n";
		};
/* End PBXShellScriptBuildPhase section */

/* Begin PBXSourcesBuildPhase section */
		5B65C3F213B1537A006BF474 /* Sources */ = {
			isa = PBXSourcesBuildPhase;
			buildActionMask = 2147483647;
			files = (
				5B65C40A13B1537A006BF474 /* main.m in Sources */,
				5B65C40D13B1537A006BF474 /* TodoAppDelegate.m in Sources */,
				5B65C41613B1537A006BF474 /* RootViewController.m in Sources */,
				5BE2FC7313B26E0A00D3BD73 /* ListDetailsViewController.m in Sources */,
				5B0CC33413B3A72900D51E43 /* Todo.xcdatamodeld in Sources */,
				5B1BC06313B9042800FFB150 /* DetailedItemViewController.m in Sources */,
				5BEC2D0713BA7CAD000EC159 /* IntroViewController.m in Sources */,
				5BEC2D0E13BA9DB7000EC159 /* CustomCell.m in Sources */,
			);
			runOnlyForDeploymentPostprocessing = 0;
		};
		5B65C41A13B1537A006BF474 /* Sources */ = {
			isa = PBXSourcesBuildPhase;
			buildActionMask = 2147483647;
			files = (
				5B65C43013B1537A006BF474 /* TodoTests.m in Sources */,
			);
			runOnlyForDeploymentPostprocessing = 0;
		};
/* End PBXSourcesBuildPhase section */

/* Begin PBXTargetDependency section */
		5B65C42513B1537A006BF474 /* PBXTargetDependency */ = {
			isa = PBXTargetDependency;
			target = 5B65C3F513B1537A006BF474 /* Todo */;
			targetProxy = 5B65C42413B1537A006BF474 /* PBXContainerItemProxy */;
		};
/* End PBXTargetDependency section */

/* Begin PBXVariantGroup section */
		5B65C40513B1537A006BF474 /* InfoPlist.strings */ = {
			isa = PBXVariantGroup;
			children = (
				5B65C40613B1537A006BF474 /* en */,
			);
			name = InfoPlist.strings;
			sourceTree = "<group>";
		};
		5B65C41113B1537A006BF474 /* MainWindow.xib */ = {
			isa = PBXVariantGroup;
			children = (
				5B65C41213B1537A006BF474 /* en */,
			);
			name = MainWindow.xib;
			sourceTree = "<group>";
		};
		5B65C41713B1537A006BF474 /* RootViewController.xib */ = {
			isa = PBXVariantGroup;
			children = (
				5B65C41813B1537A006BF474 /* en */,
			);
			name = RootViewController.xib;
			sourceTree = "<group>";
		};
		5B65C42913B1537A006BF474 /* InfoPlist.strings */ = {
			isa = PBXVariantGroup;
			children = (
				5B65C42A13B1537A006BF474 /* en */,
			);
			name = InfoPlist.strings;
			sourceTree = "<group>";
		};
/* End PBXVariantGroup section */

/* Begin XCBuildConfiguration section */
		5B65C43113B1537A006BF474 /* Debug */ = {
			isa = XCBuildConfiguration;
			buildSettings = {
				ARCHS = "$(ARCHS_STANDARD_32_BIT)";
				CODE_SIGN_IDENTITY = "iPhone Developer";
				"CODE_SIGN_IDENTITY[sdk=iphoneos*]" = "iPhone Developer";
				GCC_C_LANGUAGE_STANDARD = gnu99;
				GCC_OPTIMIZATION_LEVEL = 0;
				GCC_PREPROCESSOR_DEFINITIONS = DEBUG;
				GCC_SYMBOLS_PRIVATE_EXTERN = NO;
				GCC_VERSION = com.apple.compilers.llvmgcc42;
				GCC_WARN_ABOUT_RETURN_TYPE = YES;
				GCC_WARN_UNUSED_VARIABLE = YES;
				IPHONEOS_DEPLOYMENT_TARGET = 4.3;
				PROVISIONING_PROFILE = "";
				SDKROOT = iphoneos;
			};
			name = Debug;
		};
		5B65C43213B1537A006BF474 /* Release */ = {
			isa = XCBuildConfiguration;
			buildSettings = {
				ARCHS = "$(ARCHS_STANDARD_32_BIT)";
				CODE_SIGN_IDENTITY = "iPhone Developer";
				"CODE_SIGN_IDENTITY[sdk=iphoneos*]" = "iPhone Developer";
				GCC_C_LANGUAGE_STANDARD = gnu99;
				GCC_VERSION = com.apple.compilers.llvmgcc42;
				GCC_WARN_ABOUT_RETURN_TYPE = YES;
				GCC_WARN_UNUSED_VARIABLE = YES;
				IPHONEOS_DEPLOYMENT_TARGET = 4.3;
				OTHER_CFLAGS = "-DNS_BLOCK_ASSERTIONS=1";
				PROVISIONING_PROFILE = "";
				SDKROOT = iphoneos;
			};
			name = Release;
		};
		5B65C43413B1537A006BF474 /* Debug */ = {
			isa = XCBuildConfiguration;
			buildSettings = {
				ALWAYS_SEARCH_USER_PATHS = NO;
				COPY_PHASE_STRIP = NO;
				GCC_DYNAMIC_NO_PIC = NO;
				GCC_PRECOMPILE_PREFIX_HEADER = YES;
				GCC_PREFIX_HEADER = "Todo/Todo-Prefix.pch";
				INFOPLIST_FILE = "Todo/Todo-Info.plist";
				IPHONEOS_DEPLOYMENT_TARGET = 4.0;
				PRODUCT_NAME = "$(TARGET_NAME)";
				WRAPPER_EXTENSION = app;
			};
			name = Debug;
		};
		5B65C43513B1537A006BF474 /* Release */ = {
			isa = XCBuildConfiguration;
			buildSettings = {
				ALWAYS_SEARCH_USER_PATHS = NO;
				COPY_PHASE_STRIP = YES;
				GCC_PRECOMPILE_PREFIX_HEADER = YES;
				GCC_PREFIX_HEADER = "Todo/Todo-Prefix.pch";
				INFOPLIST_FILE = "Todo/Todo-Info.plist";
				IPHONEOS_DEPLOYMENT_TARGET = 4.0;
				PRODUCT_NAME = "$(TARGET_NAME)";
				VALIDATE_PRODUCT = YES;
				WRAPPER_EXTENSION = app;
			};
			name = Release;
		};
		5B65C43713B1537A006BF474 /* Debug */ = {
			isa = XCBuildConfiguration;
			buildSettings = {
				ALWAYS_SEARCH_USER_PATHS = NO;
				BUNDLE_LOADER = "$(BUILT_PRODUCTS_DIR)/Todo.app/Todo";
				FRAMEWORK_SEARCH_PATHS = (
					"$(SDKROOT)/Developer/Library/Frameworks",
					"$(DEVELOPER_LIBRARY_DIR)/Frameworks",
				);
				GCC_PRECOMPILE_PREFIX_HEADER = YES;
				GCC_PREFIX_HEADER = "TodoTests/TodoTests-Prefix.pch";
				INFOPLIST_FILE = "TodoTests/TodoTests-Info.plist";
				OTHER_LDFLAGS = (
					"-framework",
					SenTestingKit,
				);
				PRODUCT_NAME = "$(TARGET_NAME)";
				TEST_HOST = "$(BUNDLE_LOADER)";
				WRAPPER_EXTENSION = octest;
			};
			name = Debug;
		};
		5B65C43813B1537A006BF474 /* Release */ = {
			isa = XCBuildConfiguration;
			buildSettings = {
				ALWAYS_SEARCH_USER_PATHS = NO;
				BUNDLE_LOADER = "$(BUILT_PRODUCTS_DIR)/Todo.app/Todo";
				FRAMEWORK_SEARCH_PATHS = (
					"$(SDKROOT)/Developer/Library/Frameworks",
					"$(DEVELOPER_LIBRARY_DIR)/Frameworks",
				);
				GCC_PRECOMPILE_PREFIX_HEADER = YES;
				GCC_PREFIX_HEADER = "TodoTests/TodoTests-Prefix.pch";
				INFOPLIST_FILE = "TodoTests/TodoTests-Info.plist";
				OTHER_LDFLAGS = (
					"-framework",
					SenTestingKit,
				);
				PRODUCT_NAME = "$(TARGET_NAME)";
				TEST_HOST = "$(BUNDLE_LOADER)";
				WRAPPER_EXTENSION = octest;
			};
			name = Release;
		};
/* End XCBuildConfiguration section */

/* Begin XCConfigurationList section */
		5B65C3F013B1537A006BF474 /* Build configuration list for PBXProject "Todo" */ = {
			isa = XCConfigurationList;
			buildConfigurations = (
				5B65C43113B1537A006BF474 /* Debug */,
				5B65C43213B1537A006BF474 /* Release */,
			);
			defaultConfigurationIsVisible = 0;
			defaultConfigurationName = Release;
		};
		5B65C43313B1537A006BF474 /* Build configuration list for PBXNativeTarget "Todo" */ = {
			isa = XCConfigurationList;
			buildConfigurations = (
				5B65C43413B1537A006BF474 /* Debug */,
				5B65C43513B1537A006BF474 /* Release */,
			);
			defaultConfigurationIsVisible = 0;
			defaultConfigurationName = Release;
		};
		5B65C43613B1537A006BF474 /* Build configuration list for PBXNativeTarget "TodoTests" */ = {
			isa = XCConfigurationList;
			buildConfigurations = (
				5B65C43713B1537A006BF474 /* Debug */,
				5B65C43813B1537A006BF474 /* Release */,
			);
			defaultConfigurationIsVisible = 0;
			defaultConfigurationName = Release;
		};
/* End XCConfigurationList section */

/* Begin XCVersionGroup section */
		5B0CC33213B3A72900D51E43 /* Todo.xcdatamodeld */ = {
			isa = XCVersionGroup;
			children = (
				5B0CC33313B3A72900D51E43 /* Todo.xcdatamodel */,
			);
			currentVersion = 5B0CC33313B3A72900D51E43 /* Todo.xcdatamodel */;
			path = Todo.xcdatamodeld;
			sourceTree = "<group>";
			versionGroupType = wrapper.xcdatamodel;
		};
/* End XCVersionGroup section */
	};
	rootObject = 5B65C3ED13B1537A006BF474 /* Project object */;
}
